
Microsoft Visual Studio Solution File, Format Version 12.00
# Visual Studio Version 16
VisualStudioVersion = 16.0.33214.272
MinimumVisualStudioVersion = 10.0.40219.1
Project("{FAE04EC0-301F-11D3-BF4B-00C04F79EFBC}") = "eShopSolution.WebApp", "eShopSolution.WebApp\eShopSolution.WebApp.csproj", "{349773E8-AC1F-489C-9ABD-92250B7F0218}"
EndProject
Project("{2150E333-8FDC-42A3-9474-1A3956D46DE8}") = "Solution Items", "Solution Items", "{1ED9091E-532C-43CD-8E42-5F5180010BBF}"
	ProjectSection(SolutionItems) = preProject
		README.md = README.md
	EndProjectSection
EndProject
Project("{FAE04EC0-301F-11D3-BF4B-00C04F79EFBC}") = "eShopSolution.Data", "eShopSolution.Data\eShopSolution.Data.csproj", "{7C506F5B-5998-41B0-B45E-054B87D60D13}"
EndProject
Project("{FAE04EC0-301F-11D3-BF4B-00C04F79EFBC}") = "eShopSolution.Application", "eShopSolution.Application\eShopSolution.Application.csproj", "{A8080229-DBE2-4F52-9BFD-63E3C8F8E736}"
EndProject
Global
	GlobalSection(SolutionConfigurationPlatforms) = preSolution
		Debug|Any CPU = Debug|Any CPU
		Release|Any CPU = Release|Any CPU
	EndGlobalSection
	GlobalSection(ProjectConfigurationPlatforms) = postSolution
		{349773E8-AC1F-489C-9ABD-92250B7F0218}.Debug|Any CPU.ActiveCfg = Debug|Any CPU
		{349773E8-AC1F-489C-9ABD-92250B7F0218}.Debug|Any CPU.Build.0 = Debug|Any CPU
		{349773E8-AC1F-489C-9ABD-92250B7F0218}.Release|Any CPU.ActiveCfg = Release|Any CPU
		{349773E8-AC1F-489C-9ABD-92250B7F0218}.Release|Any CPU.Build.0 = Release|Any CPU
		{7C506F5B-5998-41B0-B45E-054B87D60D13}.Debug|Any CPU.ActiveCfg = Debug|Any CPU
		{7C506F5B-5998-41B0-B45E-054B87D60D13}.Debug|Any CPU.Build.0 = Debug|Any CPU
		{7C506F5B-5998-41B0-B45E-054B87D60D13}.Release|Any CPU.ActiveCfg = Release|Any CPU
		{7C506F5B-5998-41B0-B45E-054B87D60D13}.Release|Any CPU.Build.0 = Release|Any CPU
		{A8080229-DBE2-4F52-9BFD-63E3C8F8E736}.Debug|Any CPU.ActiveCfg = Debug|Any CPU
		{A8080229-DBE2-4F52-9BFD-63E3C8F8E736}.Debug|Any CPU.Build.0 = Debug|Any CPU
		{A8080229-DBE2-4F52-9BFD-63E3C8F8E736}.Release|Any CPU.ActiveCfg = Release|Any CPU
		{A8080229-DBE2-4F52-9BFD-63E3C8F8E736}.Release|Any CPU.Build.0 = Release|Any CPU
	EndGlobalSection
	GlobalSection(SolutionProperties) = preSolution
		HideSolutionNode = FALSE
	EndGlobalSection
	GlobalSection(ExtensibilityGlobals) = postSolution
		SolutionGuid = {DE31B079-6368-4D1A-A30A-AF0E256038B2}
	EndGlobalSection
EndGlobal
